<?xml version="1.0" encoding="UTF-8" standalone="yes" ?>
<CodeBlocks_project_file>
	<FileVersion major="1" minor="6" />
	<Project>
		<Option title="Classy" />
		<Option pch_mode="2" />
		<Option compiler="gcc" />
		<Build>
			<Target title="Debug">
				<Option output="bin/Debug/Classy" prefix_auto="1" extension_auto="1" />
				<Option object_output="obj/Debug/" />
				<Option type="1" />
				<Option compiler="gcc" />
				<Option parameters="-t" />
				<Compiler>
					<Add option="-std=c++11" />
					<Add option="-g" />
					<Add directory="include" />
				</Compiler>
			</Target>
			<Target title="Release">
				<Option output="bin/Release/Classy" prefix_auto="1" extension_auto="1" />
				<Option object_output="obj/Release/" />
				<Option type="1" />
				<Option compiler="gcc" />
				<Compiler>
					<Add option="-O2" />
					<Add directory="include" />
				</Compiler>
				<Linker>
					<Add option="-s" />
				</Linker>
			</Target>
		</Build>
		<Compiler>
			<Add option="-O3" />
			<Add option="-Wall" />
			<Add option="-fexceptions" />
		</Compiler>
		<Unit filename="include/Bitwise.h" />
		<Unit filename="include/Board.h" />
		<Unit filename="include/Danger.h" />
		<Unit filename="include/Engine.h" />
		<Unit filename="include/Evaluation Constants.h" />
		<Unit filename="include/Evaluator.h" />
		<Unit filename="include/MaterialEvaluator.h" />
		<Unit filename="include/Move.h" />
		<Unit filename="include/Piece.h" />
		<Unit filename="include/StandAlones.h" />
		<Unit filename="src/Board.cpp" />
		<Unit filename="src/Classy.cpp" />
		<Unit filename="src/Danger.cpp" />
		<Unit filename="src/Engine.cpp" />
		<Unit filename="src/Evaluator.cpp" />
		<Unit filename="src/MaterialEvaluator.cpp" />
		<Unit filename="src/Move.cpp" />
		<Unit filename="src/Piece.cpp" />
		<Unit filename="src/Tests.cpp" />
		<Unit filename="src/bitWise.cpp" />
		<Extensions>
			<code_completion />
			<debugger />
		</Extensions>
	</Project>
</CodeBlocks_project_file>
